// !$*UTF8*$!
{
	archiveVersion = 1;
	classes = {
	};
	objectVersion = 56;
	objects = {

/* Begin PBXBuildFile section */
		F2DF45C728D38EAF006D941A /* AppDelegate.swift in Sources */ = {isa = PBXBuildFile; fileRef = F2DF45C628D38EAF006D941A /* AppDelegate.swift */; };
		F2DF45C928D38EAF006D941A /* SceneDelegate.swift in Sources */ = {isa = PBXBuildFile; fileRef = F2DF45C828D38EAF006D941A /* SceneDelegate.swift */; };
		F2DF45CB28D38EAF006D941A /* ViewController.swift in Sources */ = {isa = PBXBuildFile; fileRef = F2DF45CA28D38EAF006D941A /* ViewController.swift */; };
		F2DF45CE28D38EAF006D941A /* Main.storyboard in Resources */ = {isa = PBXBuildFile; fileRef = F2DF45CC28D38EAF006D941A /* Main.storyboard */; };
		F2DF45D028D38EB0006D941A /* Assets.xcassets in Resources */ = {isa = PBXBuildFile; fileRef = F2DF45CF28D38EB0006D941A /* Assets.xcassets */; };
		F2DF45D328D38EB0006D941A /* LaunchScreen.storyboard in Resources */ = {isa = PBXBuildFile; fileRef = F2DF45D128D38EB0006D941A /* LaunchScreen.storyboard */; };
		F2DF45DE28D4C1AF006D941A /* NewsCollectionViewCell.swift in Sources */ = {isa = PBXBuildFile; fileRef = F2DF45DD28D4C1AF006D941A /* NewsCollectionViewCell.swift */; };
		F2DF45E028D4C238006D941A /* NewsModel.swift in Sources */ = {isa = PBXBuildFile; fileRef = F2DF45DF28D4C238006D941A /* NewsModel.swift */; };
		F2DF45E228D5BAC0006D941A /* DetailViewController.swift in Sources */ = {isa = PBXBuildFile; fileRef = F2DF45E128D5BAC0006D941A /* DetailViewController.swift */; };
/* End PBXBuildFile section */

/* Begin PBXFileReference section */
		F2DF45C328D38EAF006D941A /* Emircan-Saglam-Odev-2.app */ = {isa = PBXFileReference; explicitFileType = wrapper.application; includeInIndex = 0; path = "Emircan-Saglam-Odev-2.app"; sourceTree = BUILT_PRODUCTS_DIR; };
		F2DF45C628D38EAF006D941A /* AppDelegate.swift */ = {isa = PBXFileReference; lastKnownFileType = sourcecode.swift; path = AppDelegate.swift; sourceTree = "<group>"; };
		F2DF45C828D38EAF006D941A /* SceneDelegate.swift */ = {isa = PBXFileReference; lastKnownFileType = sourcecode.swift; path = SceneDelegate.swift; sourceTree = "<group>"; };
		F2DF45CA28D38EAF006D941A /* ViewController.swift */ = {isa = PBXFileReference; lastKnownFileType = sourcecode.swift; path = ViewController.swift; sourceTree = "<group>"; };
		F2DF45CD28D38EAF006D941A /* Base */ = {isa = PBXFileReference; lastKnownFileType = file.storyboard; name = Base; path = Base.lproj/Main.storyboard; sourceTree = "<group>"; };
		F2DF45CF28D38EB0006D941A /* Assets.xcassets */ = {isa = PBXFileReference; lastKnownFileType = folder.assetcatalog; path = Assets.xcassets; sourceTree = "<group>"; };
		F2DF45D228D38EB0006D941A /* Base */ = {isa = PBXFileReference; lastKnownFileType = file.storyboard; name = Base; path = Base.lproj/LaunchScreen.storyboard; sourceTree = "<group>"; };
		F2DF45D428D38EB0006D941A /* Info.plist */ = {isa = PBXFileReference; lastKnownFileType = text.plist.xml; path = Info.plist; sourceTree = "<group>"; };
		F2DF45DD28D4C1AF006D941A /* NewsCollectionViewCell.swift */ = {isa = PBXFileReference; lastKnownFileType = sourcecode.swift; path = NewsCollectionViewCell.swift; sourceTree = "<group>"; };
		F2DF45DF28D4C238006D941A /* NewsModel.swift */ = {isa = PBXFileReference; lastKnownFileType = sourcecode.swift; path = NewsModel.swift; sourceTree = "<group>"; };
		F2DF45E128D5BAC0006D941A /* DetailViewController.swift */ = {isa = PBXFileReference; lastKnownFileType = sourcecode.swift; path = DetailViewController.swift; sourceTree = "<group>"; };
/* End PBXFileReference section */

/* Begin PBXFrameworksBuildPhase section */
		F2DF45C028D38EAF006D941A /* Frameworks */ = {
			isa = PBXFrameworksBuildPhase;
			buildActionMask = 2147483647;
			files = (
			);
			runOnlyForDeploymentPostprocessing = 0;
		};
/* End PBXFrameworksBuildPhase section */

/* Begin PBXGroup section */
		F2DF45BA28D38EAF006D941A = {
			isa = PBXGroup;
			children = (
				F2DF45C528D38EAF006D941A /* Emircan-Saglam-Odev-2 */,
				F2DF45C428D38EAF006D941A /* Products */,
			);
			sourceTree = "<group>";
		};
		F2DF45C428D38EAF006D941A /* Products */ = {
			isa = PBXGroup;
			children = (
				F2DF45C328D38EAF006D941A /* Emircan-Saglam-Odev-2.app */,
			);
			name = Products;
			sourceTree = "<group>";
		};
		F2DF45C528D38EAF006D941A /* Emircan-Saglam-Odev-2 */ = {
			isa = PBXGroup;
			children = (
				F2DF45C628D38EAF006D941A /* AppDelegate.swift */,
				F2DF45C828D38EAF006D941A /* SceneDelegate.swift */,
				F2DF45CA28D38EAF006D941A /* ViewController.swift */,
				F2DF45E128D5BAC0006D941A /* DetailViewController.swift */,
				F2DF45DD28D4C1AF006D941A /* NewsCollectionViewCell.swift */,
				F2DF45DF28D4C238006D941A /* NewsModel.swift */,
				F2DF45CC28D38EAF006D941A /* Main.storyboard */,
				F2DF45CF28D38EB0006D941A /* Assets.xcassets */,
				F2DF45D128D38EB0006D941A /* LaunchScreen.storyboard */,
				F2DF45D428D38EB0006D941A /* Info.plist */,
			);
			path = "Emircan-Saglam-Odev-2";
			sourceTree = "<group>";
		};
/* End PBXGroup section */

/* Begin PBXNativeTarget section */
		F2DF45C228D38EAF006D941A /* Emircan-Saglam-Odev-2 */ = {
			isa = PBXNativeTarget;
			buildConfigurationList = F2DF45D728D38EB0006D941A /* Build configuration list for PBXNativeTarget "Emircan-Saglam-Odev-2" */;
			buildPhases = (
				F2DF45BF28D38EAF006D941A /* Sources */,
				F2DF45C028D38EAF006D941A /* Frameworks */,
				F2DF45C128D38EAF006D941A /* Resources */,
			);
			buildRules = (
			);
			dependencies = (
			);
			name = "Emircan-Saglam-Odev-2";
			productName = "Emircan-Saglam-Odev-2";
			productReference = F2DF45C328D38EAF006D941A /* Emircan-Saglam-Odev-2.app */;
			productType = "com.apple.product-type.application";
		};
/* End PBXNativeTarget section */

/* Begin PBXProject section */
		F2DF45BB28D38EAF006D941A /* Project object */ = {
			isa = PBXProject;
			attributes = {
				BuildIndependentTargetsInParallel = 1;
				LastSwiftUpdateCheck = 1400;
				LastUpgradeCheck = 1400;
				TargetAttributes = {
					F2DF45C228D38EAF006D941A = {
						CreatedOnToolsVersion = 14.0;
					};
				};
			};
			buildConfigurationList = F2DF45BE28D38EAF006D941A /* Build configuration list for PBXProject "Emircan-Saglam-Odev-2" */;
			compatibilityVersion = "Xcode 14.0";
			developmentRegion = en;
			hasScannedForEncodings = 0;
			knownRegions = (
				en,
				Base,
			);
			mainGroup = F2DF45BA28D38EAF006D941A;
			productRefGroup = F2DF45C428D38EAF006D941A /* Products */;
			projectDirPath = "";
			projectRoot = "";
			targets = (
				F2DF45C228D38EAF006D941A /* Emircan-Saglam-Odev-2 */,
			);
		};
/* End PBXProject section */

/* Begin PBXResourcesBuildPhase section */
		F2DF45C128D38EAF006D941A /* Resources */ = {
			isa = PBXResourcesBuildPhase;
			buildActionMask = 2147483647;
			files = (
				F2DF45D328D38EB0006D941A /* LaunchScreen.storyboard in Resources */,
				F2DF45D028D38EB0006D941A /* Assets.xcassets in Resources */,
				F2DF45CE28D38EAF006D941A /* Main.storyboard in Resources */,
			);
			runOnlyForDeploymentPostprocessing = 0;
		};
/* End PBXResourcesBuildPhase section */

/* Begin PBXSourcesBuildPhase section */
		F2DF45BF28D38EAF006D941A /* Sources */ = {
			isa = PBXSourcesBuildPhase;
			buildActionMask = 2147483647;
			files = (
				F2DF45CB28D38EAF006D941A /* ViewController.swift in Sources */,
				F2DF45C728D38EAF006D941A /* AppDelegate.swift in Sources */,
				F2DF45C928D38EAF006D941A /* SceneDelegate.swift in Sources */,
				F2DF45E228D5BAC0006D941A /* DetailViewController.swift in Sources */,
				F2DF45DE28D4C1AF006D941A /* NewsCollectionViewCell.swift in Sources */,
				F2DF45E028D4C238006D941A /* NewsModel.swift in Sources */,
			);
			runOnlyForDeploymentPostprocessing = 0;
		};
/* End PBXSourcesBuildPhase section */

/* Begin PBXVariantGroup section */
		F2DF45CC28D38EAF006D941A /* Main.storyboard */ = {
			isa = PBXVariantGroup;
			children = (
				F2DF45CD28D38EAF006D941A /* Base */,
			);
			name = Main.storyboard;
			sourceTree = "<group>";
		};
		F2DF45D128D38EB0006D941A /* LaunchScreen.storyboard */ = {
			isa = PBXVariantGroup;
			children = (
				F2DF45D228D38EB0006D941A /* Base */,
			);
			name = LaunchScreen.storyboard;
			sourceTree = "<group>";
		};
/* End PBXVariantGroup section */

/* Begin XCBuildConfiguration section */
		F2DF45D528D38EB0006D941A /* Debug */ = {
			isa = XCBuildConfiguration;
			buildSettings = {
				ALWAYS_SEARCH_USER_PATHS = NO;
				CLANG_ANALYZER_NONNULL = YES;
				CLANG_ANALYZER_NUMBER_OBJECT_CONVERSION = YES_AGGRESSIVE;
				CLANG_CXX_LANGUAGE_STANDARD = "gnu++20";
				CLANG_ENABLE_MODULES = YES;
				CLANG_ENABLE_OBJC_ARC = YES;
				CLANG_ENABLE_OBJC_WEAK = YES;
				CLANG_WARN_BLOCK_CAPTURE_AUTORELEASING = YES;
				CLANG_WARN_BOOL_CONVERSION = YES;
				CLANG_WARN_COMMA = YES;
				CLANG_WARN_CONSTANT_CONVERSION = YES;
				CLANG_WARN_DEPRECATED_OBJC_IMPLEMENTATIONS = YES;
				CLANG_WARN_DIRECT_OBJC_ISA_USAGE = YES_ERROR;
				CLANG_WARN_DOCUMENTATION_COMMENTS = YES;
				CLANG_WARN_EMPTY_BODY = YES;
				CLANG_WARN_ENUM_CONVERSION = YES;
				CLANG_WARN_INFINITE_RECURSION = YES;
				CLANG_WARN_INT_CONVERSION = YES;
				CLANG_WARN_NON_LITERAL_NULL_CONVERSION = YES;
				CLANG_WARN_OBJC_IMPLICIT_RETAIN_SELF = YES;
				CLANG_WARN_OBJC_LITERAL_CONVERSION = YES;
				CLANG_WARN_OBJC_ROOT_CLASS = YES_ERROR;
				CLANG_WARN_QUOTED_INCLUDE_IN_FRAMEWORK_HEADER = YES;
				CLANG_WARN_RANGE_LOOP_ANALYSIS = YES;
				CLANG_WARN_STRICT_PROTOTYPES = YES;
				CLANG_WARN_SUSPICIOUS_MOVE = YES;
				CLANG_WARN_UNGUARDED_AVAILABILITY = YES_AGGRESSIVE;
				CLANG_WARN_UNREACHABLE_CODE = YES;
				CLANG_WARN__DUPLICATE_METHOD_MATCH = YES;
				COPY_PHASE_STRIP = NO;
				DEBUG_INFORMATION_FORMAT = dwarf;
				ENABLE_STRICT_OBJC_MSGSEND = YES;
				ENABLE_TESTABILITY = YES;
				GCC_C_LANGUAGE_STANDARD = gnu11;
				GCC_DYNAMIC_NO_PIC = NO;
				GCC_NO_COMMON_BLOCKS = YES;
				GCC_OPTIMIZATION_LEVEL = 0;
				GCC_PREPROCESSOR_DEFINITIONS = (
					"DEBUG=1",
					"$(inherited)",
				);
				GCC_WARN_64_TO_32_BIT_CONVERSION = YES;
				GCC_WARN_ABOUT_RETURN_TYPE = YES_ERROR;
				GCC_WARN_UNDECLARED_SELECTOR = YES;
				GCC_WARN_UNINITIALIZED_AUTOS = YES_AGGRESSIVE;
				GCC_WARN_UNUSED_FUNCTION = YES;
				GCC_WARN_UNUSED_VARIABLE = YES;
				IPHONEOS_DEPLOYMENT_TARGET = 16.0;
				MTL_ENABLE_DEBUG_INFO = INCLUDE_SOURCE;
				MTL_FAST_MATH = YES;
				ONLY_ACTIVE_ARCH = YES;
				SDKROOT = iphoneos;
				SWIFT_ACTIVE_COMPILATION_CONDITIONS = DEBUG;
				SWIFT_OPTIMIZATION_LEVEL = "-Onone";
			};
			name = Debug;
		};
		F2DF45D628D38EB0006D941A /* Release */ = {
			isa = XCBuildConfiguration;
			buildSettings = {
				ALWAYS_SEARCH_USER_PATHS = NO;
				CLANG_ANALYZER_NONNULL = YES;
				CLANG_ANALYZER_NUMBER_OBJECT_CONVERSION = YES_AGGRESSIVE;
				CLANG_CXX_LANGUAGE_STANDARD = "gnu++20";
				CLANG_ENABLE_MODULES = YES;
				CLANG_ENABLE_OBJC_ARC = YES;
				CLANG_ENABLE_OBJC_WEAK = YES;
				CLANG_WARN_BLOCK_CAPTURE_AUTORELEASING = YES;
				CLANG_WARN_BOOL_CONVERSION = YES;
				CLANG_WARN_COMMA = YES;
				CLANG_WARN_CONSTANT_CONVERSION = YES;
				CLANG_WARN_DEPRECATED_OBJC_IMPLEMENTATIONS = YES;
				CLANG_WARN_DIRECT_OBJC_ISA_USAGE = YES_ERROR;
				CLANG_WARN_DOCUMENTATION_COMMENTS = YES;
				CLANG_WARN_EMPTY_BODY = YES;
				CLANG_WARN_ENUM_CONVERSION = YES;
				CLANG_WARN_INFINITE_RECURSION = YES;
				CLANG_WARN_INT_CONVERSION = YES;
				CLANG_WARN_NON_LITERAL_NULL_CONVERSION = YES;
				CLANG_WARN_OBJC_IMPLICIT_RETAIN_SELF = YES;
				CLANG_WARN_OBJC_LITERAL_CONVERSION = YES;
				CLANG_WARN_OBJC_ROOT_CLASS = YES_ERROR;
				CLANG_WARN_QUOTED_INCLUDE_IN_FRAMEWORK_HEADER = YES;
				CLANG_WARN_RANGE_LOOP_ANALYSIS = YES;
				CLANG_WARN_STRICT_PROTOTYPES = YES;
				CLANG_WARN_SUSPICIOUS_MOVE = YES;
				CLANG_WARN_UNGUARDED_AVAILABILITY = YES_AGGRESSIVE;
				CLANG_WARN_UNREACHABLE_CODE = YES;
				CLANG_WARN__DUPLICATE_METHOD_MATCH = YES;
				COPY_PHASE_STRIP = NO;
				DEBUG_INFORMATION_FORMAT = "dwarf-with-dsym";
				ENABLE_NS_ASSERTIONS = NO;
				ENABLE_STRICT_OBJC_MSGSEND = YES;
				GCC_C_LANGUAGE_STANDARD = gnu11;
				GCC_NO_COMMON_BLOCKS = YES;
				GCC_WARN_64_TO_32_BIT_CONVERSION = YES;
				GCC_WARN_ABOUT_RETURN_TYPE = YES_ERROR;
				GCC_WARN_UNDECLARED_SELECTOR = YES;
				GCC_WARN_UNINITIALIZED_AUTOS = YES_AGGRESSIVE;
				GCC_WARN_UNUSED_FUNCTION = YES;
				GCC_WARN_UNUSED_VARIABLE = YES;
				IPHONEOS_DEPLOYMENT_TARGET = 16.0;
				MTL_ENABLE_DEBUG_INFO = NO;
				MTL_FAST_MATH = YES;
				SDKROOT = iphoneos;
				SWIFT_COMPILATION_MODE = wholemodule;
				SWIFT_OPTIMIZATION_LEVEL = "-O";
				VALIDATE_PRODUCT = YES;
			};
			name = Release;
		};
		F2DF45D828D38EB0006D941A /* Debug */ = {
			isa = XCBuildConfiguration;
			buildSettings = {
				ASSETCATALOG_COMPILER_APPICON_NAME = AppIcon;
				ASSETCATALOG_COMPILER_GLOBAL_ACCENT_COLOR_NAME = AccentColor;
				CODE_SIGN_STYLE = Automatic;
				CURRENT_PROJECT_VERSION = 1;
				DEVELOPMENT_TEAM = STSA5D224N;
				GENERATE_INFOPLIST_FILE = YES;
				INFOPLIST_FILE = "Emircan-Saglam-Odev-2/Info.plist";
				INFOPLIST_KEY_UIApplicationSupportsIndirectInputEvents = YES;
				INFOPLIST_KEY_UILaunchStoryboardName = LaunchScreen;
				INFOPLIST_KEY_UIMainStoryboardFile = Main;
				INFOPLIST_KEY_UISupportedInterfaceOrientations_iPad = "UIInterfaceOrientationPortrait UIInterfaceOrientationPortraitUpsideDown UIInterfaceOrientationLandscapeLeft UIInterfaceOrientationLandscapeRight";
				INFOPLIST_KEY_UISupportedInterfaceOrientations_iPhone = "UIInterfaceOrientationPortrait UIInterfaceOrientationLandscapeLeft UIInterfaceOrientationLandscapeRight";
				IPHONEOS_DEPLOYMENT_TARGET = 15.0;
				LD_RUNPATH_SEARCH_PATHS = (
					"$(inherited)",
					"@executable_path/Frameworks",
				);
				MARKETING_VERSION = 1.0;
				PRODUCT_BUNDLE_IDENTIFIER = "com.emircansaglam.Emircan-Saglam-Odev-2";
				PRODUCT_NAME = "$(TARGET_NAME)";
				SWIFT_EMIT_LOC_STRINGS = YES;
				SWIFT_VERSION = 5.0;
				TARGETED_DEVICE_FAMILY = "1,2";
			};
			name = Debug;
		};
		F2DF45D928D38EB0006D941A /* Release */ = {
			isa = XCBuildConfiguration;
			buildSettings = {
				ASSETCATALOG_COMPILER_APPICON_NAME = AppIcon;
				ASSETCATALOG_COMPILER_GLOBAL_ACCENT_COLOR_NAME = AccentColor;
				CODE_SIGN_STYLE = Automatic;
				CURRENT_PROJECT_VERSION = 1;
				DEVELOPMENT_TEAM = STSA5D224N;
				GENERATE_INFOPLIST_FILE = YES;
				INFOPLIST_FILE = "Emircan-Saglam-Odev-2/Info.plist";
				INFOPLIST_KEY_UIApplicationSupportsIndirectInputEvents = YES;
				INFOPLIST_KEY_UILaunchStoryboardName = LaunchScreen;
				INFOPLIST_KEY_UIMainStoryboardFile = Main;
				INFOPLIST_KEY_UISupportedInterfaceOrientations_iPad = "UIInterfaceOrientationPortrait UIInterfaceOrientationPortraitUpsideDown UIInterfaceOrientationLandscapeLeft UIInterfaceOrientationLandscapeRight";
				INFOPLIST_KEY_UISupportedInterfaceOrientations_iPhone = "UIInterfaceOrientationPortrait UIInterfaceOrientationLandscapeLeft UIInterfaceOrientationLandscapeRight";
				IPHONEOS_DEPLOYMENT_TARGET = 15.0;
				LD_RUNPATH_SEARCH_PATHS = (
					"$(inherited)",
					"@executable_path/Frameworks",
				);
				MARKETING_VERSION = 1.0;
				PRODUCT_BUNDLE_IDENTIFIER = "com.emircansaglam.Emircan-Saglam-Odev-2";
				PRODUCT_NAME = "$(TARGET_NAME)";
				SWIFT_EMIT_LOC_STRINGS = YES;
				SWIFT_VERSION = 5.0;
				TARGETED_DEVICE_FAMILY = "1,2";
			};
			name = Release;
		};
/* End XCBuildConfiguration section */

/* Begin XCConfigurationList section */
		F2DF45BE28D38EAF006D941A /* Build configuration list for PBXProject "Emircan-Saglam-Odev-2" */ = {
			isa = XCConfigurationList;
			buildConfigurations = (
				F2DF45D528D38EB0006D941A /* Debug */,
				F2DF45D628D38EB0006D941A /* Release */,
			);
			defaultConfigurationIsVisible = 0;
			defaultConfigurationName = Release;
		};
		F2DF45D728D38EB0006D941A /* Build configuration list for PBXNativeTarget "Emircan-Saglam-Odev-2" */ = {
			isa = XCConfigurationList;
			buildConfigurations = (
				F2DF45D828D38EB0006D941A /* Debug */,
				F2DF45D928D38EB0006D941A /* Release */,
			);
			defaultConfigurationIsVisible = 0;
			defaultConfigurationName = Release;
		};
/* End XCConfigurationList section */
	};
	rootObject = F2DF45BB28D38EAF006D941A /* Project object */;
}
